// !$*UTF8*$!
{
	archiveVersion = 1;
	classes = {
	};
	objectVersion = 56;
	objects = {

/* Begin PBXBuildFile section */
		170631562BA4C1FA00C7FDB1 /* BottomNavigationBar.swift in Sources */ = {isa = PBXBuildFile; fileRef = 170631552BA4C1FA00C7FDB1 /* BottomNavigationBar.swift */; };
		170631592BA4C2DC00C7FDB1 /* promotionsView.swift in Sources */ = {isa = PBXBuildFile; fileRef = 170631582BA4C2DC00C7FDB1 /* promotionsView.swift */; };
		1706315B2BA4C4EC00C7FDB1 /* homeView.swift in Sources */ = {isa = PBXBuildFile; fileRef = 1706315A2BA4C4EC00C7FDB1 /* homeView.swift */; };
		1706315D2BA4C50A00C7FDB1 /* restaurantsView.swift in Sources */ = {isa = PBXBuildFile; fileRef = 1706315C2BA4C50A00C7FDB1 /* restaurantsView.swift */; };
		1706315F2BA4C52200C7FDB1 /* ordersView.swift in Sources */ = {isa = PBXBuildFile; fileRef = 1706315E2BA4C52200C7FDB1 /* ordersView.swift */; };
		170631612BA4CB0700C7FDB1 /* TopBar.swift in Sources */ = {isa = PBXBuildFile; fileRef = 170631602BA4CB0700C7FDB1 /* TopBar.swift */; };
		170631632BA4DB0C00C7FDB1 /* loginView.swift in Sources */ = {isa = PBXBuildFile; fileRef = 170631622BA4DB0C00C7FDB1 /* loginView.swift */; };
		1714680D2BA8FBD200255D85 /* FirebaseAuth in Frameworks */ = {isa = PBXBuildFile; productRef = 1714680C2BA8FBD200255D85 /* FirebaseAuth */; };
		1714680F2BA901BF00255D85 /* GoogleService-Info.plist in Resources */ = {isa = PBXBuildFile; fileRef = 1714680E2BA901BF00255D85 /* GoogleService-Info.plist */; };
		172310BB2BA8BC1E001F3937 /* SideProfileView.swift in Sources */ = {isa = PBXBuildFile; fileRef = 172310BA2BA8BC1E001F3937 /* SideProfileView.swift */; };
		172310BD2BA8BE1D001F3937 /* SideProfileHeaderView.swift in Sources */ = {isa = PBXBuildFile; fileRef = 172310BC2BA8BE1D001F3937 /* SideProfileHeaderView.swift */; };
		1756E9EB2BCF436D00FDD2EA /* MapView.swift in Sources */ = {isa = PBXBuildFile; fileRef = 1756E9EA2BCF436D00FDD2EA /* MapView.swift */; };
		1756E9EE2BCF4C5D00FDD2EA /* restaurantModel.swift in Sources */ = {isa = PBXBuildFile; fileRef = 1756E9ED2BCF4C5D00FDD2EA /* restaurantModel.swift */; };
		17956E6C2BD1F45000F464FA /* MapViewModel.swift in Sources */ = {isa = PBXBuildFile; fileRef = 17956E6B2BD1F45000F464FA /* MapViewModel.swift */; };
		17C473282B92632700FFFF5C /* Launch Screen.storyboard in Resources */ = {isa = PBXBuildFile; fileRef = 17C473272B92632700FFFF5C /* Launch Screen.storyboard */; };
		7E01E74B2BAC69C8000AE761 /* FirebaseFirestore in Frameworks */ = {isa = PBXBuildFile; productRef = 7E01E74A2BAC69C8000AE761 /* FirebaseFirestore */; };
		7E38EE652BDAAD6500CE6941 /* Kingfisher in Frameworks */ = {isa = PBXBuildFile; productRef = 7E38EE642BDAAD6500CE6941 /* Kingfisher */; };
		7E484D062BA62C2E0005C093 /* RestaurantCardView.swift in Sources */ = {isa = PBXBuildFile; fileRef = 7E484D052BA62C2E0005C093 /* RestaurantCardView.swift */; };
		7EA3AF692BACD04000D0C9E2 /* RestaurantsAppTests.swift in Sources */ = {isa = PBXBuildFile; fileRef = 7EA3AF682BACD04000D0C9E2 /* RestaurantsAppTests.swift */; };
		7EA3AF6B2BACD08B00D0C9E2 /* RestaurantsAppUITests.swift in Sources */ = {isa = PBXBuildFile; fileRef = 7EA3AF6A2BACD08B00D0C9E2 /* RestaurantsAppUITests.swift */; };
		7EA3AF6D2BACD09600D0C9E2 /* RestaurantsAppUITestsLaunchTests.swift in Sources */ = {isa = PBXBuildFile; fileRef = 7EA3AF6C2BACD09600D0C9E2 /* RestaurantsAppUITestsLaunchTests.swift */; };
		7EF990832BADF8FD00C0D73A /* FirebaseAnalytics in Frameworks */ = {isa = PBXBuildFile; productRef = 7EF990822BADF8FD00C0D73A /* FirebaseAnalytics */; };
		7EF990852BADF8FD00C0D73A /* FirebaseAnalyticsSwift in Frameworks */ = {isa = PBXBuildFile; productRef = 7EF990842BADF8FD00C0D73A /* FirebaseAnalyticsSwift */; };
		7EF990872BADF91E00C0D73A /* AdSupport.framework in Frameworks */ = {isa = PBXBuildFile; fileRef = 7EF990862BADF91E00C0D73A /* AdSupport.framework */; };
		7EF990892BADF96000C0D73A /* AnalyticsView.swift in Sources */ = {isa = PBXBuildFile; fileRef = 7EF990882BADF96000C0D73A /* AnalyticsView.swift */; };
		8224EC8E2B8CDD5900D1592E /* RestaurantsAppApp.swift in Sources */ = {isa = PBXBuildFile; fileRef = 8224EC8D2B8CDD5900D1592E /* RestaurantsAppApp.swift */; };
		8224EC902B8CDD5900D1592E /* ContentView.swift in Sources */ = {isa = PBXBuildFile; fileRef = 8224EC8F2B8CDD5900D1592E /* ContentView.swift */; };
		8224EC922B8CDD5900D1592E /* Item.swift in Sources */ = {isa = PBXBuildFile; fileRef = 8224EC912B8CDD5900D1592E /* Item.swift */; };
		8224EC942B8CDD5C00D1592E /* Assets.xcassets in Resources */ = {isa = PBXBuildFile; fileRef = 8224EC932B8CDD5C00D1592E /* Assets.xcassets */; };
		8224EC982B8CDD5C00D1592E /* Preview Assets.xcassets in Resources */ = {isa = PBXBuildFile; fileRef = 8224EC972B8CDD5C00D1592E /* Preview Assets.xcassets */; };
		829DAAAA2BAE17E200B60BB6 /* PromotionViewModel.swift in Sources */ = {isa = PBXBuildFile; fileRef = 829DAAA92BAE17E200B60BB6 /* PromotionViewModel.swift */; };
		82CA03862BD8796800652803 /* EventualConnectivity.swift in Sources */ = {isa = PBXBuildFile; fileRef = 82CA03852BD8796800652803 /* EventualConnectivity.swift */; };
		82CA03882BD87C6B00652803 /* ProfileViewModel.swift in Sources */ = {isa = PBXBuildFile; fileRef = 82CA03872BD87C6B00652803 /* ProfileViewModel.swift */; };
		82D9DA592B96AD710068A8F5 /* Search_page.swift in Sources */ = {isa = PBXBuildFile; fileRef = 82D9DA582B96AD710068A8F5 /* Search_page.swift */; };
		82EDFF2D2BCF273300729696 /* basketView.swift in Sources */ = {isa = PBXBuildFile; fileRef = 82EDFF2C2BCF273300729696 /* basketView.swift */; };
		82EDFF2F2BCF3D2B00729696 /* BasketViewModel.swift in Sources */ = {isa = PBXBuildFile; fileRef = 82EDFF2E2BCF3D2B00729696 /* BasketViewModel.swift */; };
		93C854842BAB3EC400EF86F7 /* LoginViewModel.swift in Sources */ = {isa = PBXBuildFile; fileRef = 93C854832BAB3EC400EF86F7 /* LoginViewModel.swift */; };
		93C854862BAB577000EF86F7 /* FireStoreManager.swift in Sources */ = {isa = PBXBuildFile; fileRef = 93C854852BAB577000EF86F7 /* FireStoreManager.swift */; };
		93C854882BAB57D100EF86F7 /* FirebaseFirestore in Frameworks */ = {isa = PBXBuildFile; productRef = 93C854872BAB57D100EF86F7 /* FirebaseFirestore */; };
		93CB5E862BAB74DB008739CF /* RestaurantViewModel.swift in Sources */ = {isa = PBXBuildFile; fileRef = 93CB5E852BAB74DB008739CF /* RestaurantViewModel.swift */; };
		93CB5E882BAB7EC6008739CF /* OrderViewModel.swift in Sources */ = {isa = PBXBuildFile; fileRef = 93CB5E872BAB7EC6008739CF /* OrderViewModel.swift */; };
/* End PBXBuildFile section */

/* Begin PBXContainerItemProxy section */
		8224EC9E2B8CDD5C00D1592E /* PBXContainerItemProxy */ = {
			isa = PBXContainerItemProxy;
			containerPortal = 8224EC822B8CDD5900D1592E /* Project object */;
			proxyType = 1;
			remoteGlobalIDString = 8224EC892B8CDD5900D1592E;
			remoteInfo = RestaurantsApp;
		};
		8224ECA82B8CDD5C00D1592E /* PBXContainerItemProxy */ = {
			isa = PBXContainerItemProxy;
			containerPortal = 8224EC822B8CDD5900D1592E /* Project object */;
			proxyType = 1;
			remoteGlobalIDString = 8224EC892B8CDD5900D1592E;
			remoteInfo = RestaurantsApp;
		};
/* End PBXContainerItemProxy section */

/* Begin PBXFileReference section */
		170631552BA4C1FA00C7FDB1 /* BottomNavigationBar.swift */ = {isa = PBXFileReference; lastKnownFileType = sourcecode.swift; path = BottomNavigationBar.swift; sourceTree = "<group>"; };
		170631582BA4C2DC00C7FDB1 /* promotionsView.swift */ = {isa = PBXFileReference; lastKnownFileType = sourcecode.swift; path = promotionsView.swift; sourceTree = "<group>"; };
		1706315A2BA4C4EC00C7FDB1 /* homeView.swift */ = {isa = PBXFileReference; lastKnownFileType = sourcecode.swift; path = homeView.swift; sourceTree = "<group>"; };
		1706315C2BA4C50A00C7FDB1 /* restaurantsView.swift */ = {isa = PBXFileReference; lastKnownFileType = sourcecode.swift; path = restaurantsView.swift; sourceTree = "<group>"; };
		1706315E2BA4C52200C7FDB1 /* ordersView.swift */ = {isa = PBXFileReference; lastKnownFileType = sourcecode.swift; path = ordersView.swift; sourceTree = "<group>"; };
		170631602BA4CB0700C7FDB1 /* TopBar.swift */ = {isa = PBXFileReference; lastKnownFileType = sourcecode.swift; path = TopBar.swift; sourceTree = "<group>"; };
		170631622BA4DB0C00C7FDB1 /* loginView.swift */ = {isa = PBXFileReference; lastKnownFileType = sourcecode.swift; path = loginView.swift; sourceTree = "<group>"; };
		1714680E2BA901BF00255D85 /* GoogleService-Info.plist */ = {isa = PBXFileReference; fileEncoding = 4; lastKnownFileType = text.plist.xml; path = "GoogleService-Info.plist"; sourceTree = "<group>"; };
		172310BA2BA8BC1E001F3937 /* SideProfileView.swift */ = {isa = PBXFileReference; lastKnownFileType = sourcecode.swift; path = SideProfileView.swift; sourceTree = "<group>"; };
		172310BC2BA8BE1D001F3937 /* SideProfileHeaderView.swift */ = {isa = PBXFileReference; lastKnownFileType = sourcecode.swift; path = SideProfileHeaderView.swift; sourceTree = "<group>"; };
		1756E9EA2BCF436D00FDD2EA /* MapView.swift */ = {isa = PBXFileReference; lastKnownFileType = sourcecode.swift; path = MapView.swift; sourceTree = "<group>"; };
		1756E9ED2BCF4C5D00FDD2EA /* restaurantModel.swift */ = {isa = PBXFileReference; lastKnownFileType = sourcecode.swift; path = restaurantModel.swift; sourceTree = "<group>"; };
		1756E9EF2BCF4FCF00FDD2EA /* Info.plist */ = {isa = PBXFileReference; lastKnownFileType = text.plist; path = Info.plist; sourceTree = "<group>"; };
		17956E6B2BD1F45000F464FA /* MapViewModel.swift */ = {isa = PBXFileReference; lastKnownFileType = sourcecode.swift; path = MapViewModel.swift; sourceTree = "<group>"; };
		17C473272B92632700FFFF5C /* Launch Screen.storyboard */ = {isa = PBXFileReference; lastKnownFileType = file.storyboard; path = "Launch Screen.storyboard"; sourceTree = "<group>"; };
		7E484D052BA62C2E0005C093 /* RestaurantCardView.swift */ = {isa = PBXFileReference; lastKnownFileType = sourcecode.swift; path = RestaurantCardView.swift; sourceTree = "<group>"; };
		7EA3AF682BACD04000D0C9E2 /* RestaurantsAppTests.swift */ = {isa = PBXFileReference; fileEncoding = 4; lastKnownFileType = sourcecode.swift; path = RestaurantsAppTests.swift; sourceTree = "<group>"; };
		7EA3AF6A2BACD08B00D0C9E2 /* RestaurantsAppUITests.swift */ = {isa = PBXFileReference; fileEncoding = 4; lastKnownFileType = sourcecode.swift; path = RestaurantsAppUITests.swift; sourceTree = "<group>"; };
		7EA3AF6C2BACD09600D0C9E2 /* RestaurantsAppUITestsLaunchTests.swift */ = {isa = PBXFileReference; fileEncoding = 4; lastKnownFileType = sourcecode.swift; path = RestaurantsAppUITestsLaunchTests.swift; sourceTree = "<group>"; };
		7EF990862BADF91E00C0D73A /* AdSupport.framework */ = {isa = PBXFileReference; lastKnownFileType = wrapper.framework; name = AdSupport.framework; path = Platforms/iPhoneOS.platform/Developer/SDKs/iPhoneOS17.2.sdk/System/Library/Frameworks/AdSupport.framework; sourceTree = DEVELOPER_DIR; };
		7EF990882BADF96000C0D73A /* AnalyticsView.swift */ = {isa = PBXFileReference; lastKnownFileType = sourcecode.swift; path = AnalyticsView.swift; sourceTree = "<group>"; };
		8224EC8A2B8CDD5900D1592E /* RestaurantsApp.app */ = {isa = PBXFileReference; explicitFileType = wrapper.application; includeInIndex = 0; path = RestaurantsApp.app; sourceTree = BUILT_PRODUCTS_DIR; };
		8224EC8D2B8CDD5900D1592E /* RestaurantsAppApp.swift */ = {isa = PBXFileReference; lastKnownFileType = sourcecode.swift; path = RestaurantsAppApp.swift; sourceTree = "<group>"; };
		8224EC8F2B8CDD5900D1592E /* ContentView.swift */ = {isa = PBXFileReference; lastKnownFileType = sourcecode.swift; path = ContentView.swift; sourceTree = "<group>"; };
		8224EC912B8CDD5900D1592E /* Item.swift */ = {isa = PBXFileReference; lastKnownFileType = sourcecode.swift; path = Item.swift; sourceTree = "<group>"; };
		8224EC932B8CDD5C00D1592E /* Assets.xcassets */ = {isa = PBXFileReference; lastKnownFileType = folder.assetcatalog; path = Assets.xcassets; sourceTree = "<group>"; };
		8224EC952B8CDD5C00D1592E /* RestaurantsApp.entitlements */ = {isa = PBXFileReference; lastKnownFileType = text.plist.entitlements; path = RestaurantsApp.entitlements; sourceTree = "<group>"; };
		8224EC972B8CDD5C00D1592E /* Preview Assets.xcassets */ = {isa = PBXFileReference; lastKnownFileType = folder.assetcatalog; path = "Preview Assets.xcassets"; sourceTree = "<group>"; };
		8224EC9D2B8CDD5C00D1592E /* RestaurantsAppTests.xctest */ = {isa = PBXFileReference; explicitFileType = wrapper.cfbundle; includeInIndex = 0; path = RestaurantsAppTests.xctest; sourceTree = BUILT_PRODUCTS_DIR; };
		8224ECA72B8CDD5C00D1592E /* RestaurantsAppUITests.xctest */ = {isa = PBXFileReference; explicitFileType = wrapper.cfbundle; includeInIndex = 0; path = RestaurantsAppUITests.xctest; sourceTree = BUILT_PRODUCTS_DIR; };
		829DAAA92BAE17E200B60BB6 /* PromotionViewModel.swift */ = {isa = PBXFileReference; lastKnownFileType = sourcecode.swift; path = PromotionViewModel.swift; sourceTree = "<group>"; };
		82CA03852BD8796800652803 /* EventualConnectivity.swift */ = {isa = PBXFileReference; lastKnownFileType = sourcecode.swift; path = EventualConnectivity.swift; sourceTree = "<group>"; };
		82CA03872BD87C6B00652803 /* ProfileViewModel.swift */ = {isa = PBXFileReference; lastKnownFileType = sourcecode.swift; path = ProfileViewModel.swift; sourceTree = "<group>"; };
		82D9DA582B96AD710068A8F5 /* Search_page.swift */ = {isa = PBXFileReference; lastKnownFileType = sourcecode.swift; path = Search_page.swift; sourceTree = "<group>"; };
		82EDFF2C2BCF273300729696 /* basketView.swift */ = {isa = PBXFileReference; lastKnownFileType = sourcecode.swift; path = basketView.swift; sourceTree = "<group>"; };
		82EDFF2E2BCF3D2B00729696 /* BasketViewModel.swift */ = {isa = PBXFileReference; lastKnownFileType = sourcecode.swift; path = BasketViewModel.swift; sourceTree = "<group>"; };
		93C854832BAB3EC400EF86F7 /* LoginViewModel.swift */ = {isa = PBXFileReference; lastKnownFileType = sourcecode.swift; path = LoginViewModel.swift; sourceTree = "<group>"; };
		93C854852BAB577000EF86F7 /* FireStoreManager.swift */ = {isa = PBXFileReference; lastKnownFileType = sourcecode.swift; path = FireStoreManager.swift; sourceTree = "<group>"; };
		93CB5E852BAB74DB008739CF /* RestaurantViewModel.swift */ = {isa = PBXFileReference; lastKnownFileType = sourcecode.swift; path = RestaurantViewModel.swift; sourceTree = "<group>"; };
		93CB5E872BAB7EC6008739CF /* OrderViewModel.swift */ = {isa = PBXFileReference; lastKnownFileType = sourcecode.swift; path = OrderViewModel.swift; sourceTree = "<group>"; };
/* End PBXFileReference section */

/* Begin PBXFrameworksBuildPhase section */
		8224EC872B8CDD5900D1592E /* Frameworks */ = {
			isa = PBXFrameworksBuildPhase;
			buildActionMask = 2147483647;
			files = (
				1714680D2BA8FBD200255D85 /* FirebaseAuth in Frameworks */,
				93C854882BAB57D100EF86F7 /* FirebaseFirestore in Frameworks */,
				7E38EE652BDAAD6500CE6941 /* Kingfisher in Frameworks */,
				7EF990832BADF8FD00C0D73A /* FirebaseAnalytics in Frameworks */,
				7E01E74B2BAC69C8000AE761 /* FirebaseFirestore in Frameworks */,
				7EF990852BADF8FD00C0D73A /* FirebaseAnalyticsSwift in Frameworks */,
				7EF990872BADF91E00C0D73A /* AdSupport.framework in Frameworks */,
			);
			runOnlyForDeploymentPostprocessing = 0;
		};
		8224EC9A2B8CDD5C00D1592E /* Frameworks */ = {
			isa = PBXFrameworksBuildPhase;
			buildActionMask = 2147483647;
			files = (
			);
			runOnlyForDeploymentPostprocessing = 0;
		};
		8224ECA42B8CDD5C00D1592E /* Frameworks */ = {
			isa = PBXFrameworksBuildPhase;
			buildActionMask = 2147483647;
			files = (
			);
			runOnlyForDeploymentPostprocessing = 0;
		};
/* End PBXFrameworksBuildPhase section */

/* Begin PBXGroup section */
		170631542BA4C1C000C7FDB1 /* components */ = {
			isa = PBXGroup;
			children = (
				170631552BA4C1FA00C7FDB1 /* BottomNavigationBar.swift */,
				170631602BA4CB0700C7FDB1 /* TopBar.swift */,
				170631622BA4DB0C00C7FDB1 /* loginView.swift */,
				7E484D052BA62C2E0005C093 /* RestaurantCardView.swift */,
			);
			path = components;
			sourceTree = "<group>";
		};
		170631572BA4C24400C7FDB1 /* views */ = {
			isa = PBXGroup;
			children = (
				170631582BA4C2DC00C7FDB1 /* promotionsView.swift */,
				1706315A2BA4C4EC00C7FDB1 /* homeView.swift */,
				1706315C2BA4C50A00C7FDB1 /* restaurantsView.swift */,
				1706315E2BA4C52200C7FDB1 /* ordersView.swift */,
				172310BA2BA8BC1E001F3937 /* SideProfileView.swift */,
				172310BC2BA8BE1D001F3937 /* SideProfileHeaderView.swift */,
				1756E9EA2BCF436D00FDD2EA /* MapView.swift */,
				82EDFF2C2BCF273300729696 /* basketView.swift */,
			);
			path = views;
			sourceTree = "<group>";
		};
		1756E9EC2BCF4C3E00FDD2EA /* models */ = {
			isa = PBXGroup;
			children = (
				1756E9ED2BCF4C5D00FDD2EA /* restaurantModel.swift */,
			);
			path = models;
			sourceTree = "<group>";
		};
		17C4732B2B926BE700FFFF5C /* Fonts */ = {
			isa = PBXGroup;
			children = (
			);
			path = Fonts;
			sourceTree = "<group>";
		};
		7EF990802BADF8BC00C0D73A /* Analytics */ = {
			isa = PBXGroup;
			children = (
				7EF990882BADF96000C0D73A /* AnalyticsView.swift */,
			);
			path = Analytics;
			sourceTree = "<group>";
		};
		7EF990812BADF8FD00C0D73A /* Frameworks */ = {
			isa = PBXGroup;
			children = (
				7EF990862BADF91E00C0D73A /* AdSupport.framework */,
			);
			name = Frameworks;
			sourceTree = "<group>";
		};
		8224EC812B8CDD5900D1592E = {
			isa = PBXGroup;
			children = (
				8224EC8C2B8CDD5900D1592E /* RestaurantsApp */,
				8224ECA02B8CDD5C00D1592E /* RestaurantsAppTests */,
				8224ECAA2B8CDD5C00D1592E /* RestaurantsAppUITests */,
				8224EC8B2B8CDD5900D1592E /* Products */,
				7EF990812BADF8FD00C0D73A /* Frameworks */,
			);
			sourceTree = "<group>";
		};
		8224EC8B2B8CDD5900D1592E /* Products */ = {
			isa = PBXGroup;
			children = (
				8224EC8A2B8CDD5900D1592E /* RestaurantsApp.app */,
				8224EC9D2B8CDD5C00D1592E /* RestaurantsAppTests.xctest */,
				8224ECA72B8CDD5C00D1592E /* RestaurantsAppUITests.xctest */,
			);
			name = Products;
			sourceTree = "<group>";
		};
		8224EC8C2B8CDD5900D1592E /* RestaurantsApp */ = {
			isa = PBXGroup;
			children = (
				1756E9EF2BCF4FCF00FDD2EA /* Info.plist */,
				1756E9EC2BCF4C3E00FDD2EA /* models */,
				7EF990802BADF8BC00C0D73A /* Analytics */,
				93C854822BAB31BD00EF86F7 /* ViewModel */,
				1714680E2BA901BF00255D85 /* GoogleService-Info.plist */,
				170631572BA4C24400C7FDB1 /* views */,
				170631542BA4C1C000C7FDB1 /* components */,
				82D9DA582B96AD710068A8F5 /* Search_page.swift */,
				8224EC8D2B8CDD5900D1592E /* RestaurantsAppApp.swift */,
				8224EC8F2B8CDD5900D1592E /* ContentView.swift */,
				17C473272B92632700FFFF5C /* Launch Screen.storyboard */,
				8224EC912B8CDD5900D1592E /* Item.swift */,
				17C4732B2B926BE700FFFF5C /* Fonts */,
				8224EC962B8CDD5C00D1592E /* Preview Content */,
				8224EC932B8CDD5C00D1592E /* Assets.xcassets */,
				8224EC952B8CDD5C00D1592E /* RestaurantsApp.entitlements */,
			);
			path = RestaurantsApp;
			sourceTree = "<group>";
		};
		8224EC962B8CDD5C00D1592E /* Preview Content */ = {
			isa = PBXGroup;
			children = (
				8224EC972B8CDD5C00D1592E /* Preview Assets.xcassets */,
			);
			path = "Preview Content";
			sourceTree = "<group>";
		};
		8224ECA02B8CDD5C00D1592E /* RestaurantsAppTests */ = {
			isa = PBXGroup;
			children = (
				7EA3AF682BACD04000D0C9E2 /* RestaurantsAppTests.swift */,
			);
			path = RestaurantsAppTests;
			sourceTree = "<group>";
		};
		8224ECAA2B8CDD5C00D1592E /* RestaurantsAppUITests */ = {
			isa = PBXGroup;
			children = (
				7EA3AF6C2BACD09600D0C9E2 /* RestaurantsAppUITestsLaunchTests.swift */,
				7EA3AF6A2BACD08B00D0C9E2 /* RestaurantsAppUITests.swift */,
			);
			path = RestaurantsAppUITests;
			sourceTree = "<group>";
		};
		93C854822BAB31BD00EF86F7 /* ViewModel */ = {
			isa = PBXGroup;
			children = (
				93C854832BAB3EC400EF86F7 /* LoginViewModel.swift */,
				93C854852BAB577000EF86F7 /* FireStoreManager.swift */,
				93CB5E852BAB74DB008739CF /* RestaurantViewModel.swift */,
				93CB5E872BAB7EC6008739CF /* OrderViewModel.swift */,
				829DAAA92BAE17E200B60BB6 /* PromotionViewModel.swift */,
				17956E6B2BD1F45000F464FA /* MapViewModel.swift */,
				82EDFF2E2BCF3D2B00729696 /* BasketViewModel.swift */,
				82CA03852BD8796800652803 /* EventualConnectivity.swift */,
				82CA03872BD87C6B00652803 /* ProfileViewModel.swift */,
			);
			path = ViewModel;
			sourceTree = "<group>";
		};
/* End PBXGroup section */

/* Begin PBXNativeTarget section */
		8224EC892B8CDD5900D1592E /* RestaurantsApp */ = {
			isa = PBXNativeTarget;
			buildConfigurationList = 8224ECB12B8CDD5C00D1592E /* Build configuration list for PBXNativeTarget "RestaurantsApp" */;
			buildPhases = (
				8224EC862B8CDD5900D1592E /* Sources */,
				8224EC872B8CDD5900D1592E /* Frameworks */,
				8224EC882B8CDD5900D1592E /* Resources */,
			);
			buildRules = (
			);
			dependencies = (
			);
			name = RestaurantsApp;
			packageProductDependencies = (
				1714680C2BA8FBD200255D85 /* FirebaseAuth */,
				93C854872BAB57D100EF86F7 /* FirebaseFirestore */,
				7E01E74A2BAC69C8000AE761 /* FirebaseFirestore */,
				7EF990822BADF8FD00C0D73A /* FirebaseAnalytics */,
				7EF990842BADF8FD00C0D73A /* FirebaseAnalyticsSwift */,
				7E38EE642BDAAD6500CE6941 /* Kingfisher */,
			);
			productName = RestaurantsApp;
			productReference = 8224EC8A2B8CDD5900D1592E /* RestaurantsApp.app */;
			productType = "com.apple.product-type.application";
		};
		8224EC9C2B8CDD5C00D1592E /* RestaurantsAppTests */ = {
			isa = PBXNativeTarget;
			buildConfigurationList = 8224ECB42B8CDD5C00D1592E /* Build configuration list for PBXNativeTarget "RestaurantsAppTests" */;
			buildPhases = (
				8224EC992B8CDD5C00D1592E /* Sources */,
				8224EC9A2B8CDD5C00D1592E /* Frameworks */,
				8224EC9B2B8CDD5C00D1592E /* Resources */,
			);
			buildRules = (
			);
			dependencies = (
				8224EC9F2B8CDD5C00D1592E /* PBXTargetDependency */,
			);
			name = RestaurantsAppTests;
			productName = RestaurantsAppTests;
			productReference = 8224EC9D2B8CDD5C00D1592E /* RestaurantsAppTests.xctest */;
			productType = "com.apple.product-type.bundle.unit-test";
		};
		8224ECA62B8CDD5C00D1592E /* RestaurantsAppUITests */ = {
			isa = PBXNativeTarget;
			buildConfigurationList = 8224ECB72B8CDD5C00D1592E /* Build configuration list for PBXNativeTarget "RestaurantsAppUITests" */;
			buildPhases = (
				8224ECA32B8CDD5C00D1592E /* Sources */,
				8224ECA42B8CDD5C00D1592E /* Frameworks */,
				8224ECA52B8CDD5C00D1592E /* Resources */,
			);
			buildRules = (
			);
			dependencies = (
				8224ECA92B8CDD5C00D1592E /* PBXTargetDependency */,
			);
			name = RestaurantsAppUITests;
			productName = RestaurantsAppUITests;
			productReference = 8224ECA72B8CDD5C00D1592E /* RestaurantsAppUITests.xctest */;
			productType = "com.apple.product-type.bundle.ui-testing";
		};
/* End PBXNativeTarget section */

/* Begin PBXProject section */
		8224EC822B8CDD5900D1592E /* Project object */ = {
			isa = PBXProject;
			attributes = {
				BuildIndependentTargetsInParallel = 1;
				LastSwiftUpdateCheck = 1520;
				LastUpgradeCheck = 1530;
				TargetAttributes = {
					8224EC892B8CDD5900D1592E = {
						CreatedOnToolsVersion = 15.2;
					};
					8224EC9C2B8CDD5C00D1592E = {
						CreatedOnToolsVersion = 15.2;
						TestTargetID = 8224EC892B8CDD5900D1592E;
					};
					8224ECA62B8CDD5C00D1592E = {
						CreatedOnToolsVersion = 15.2;
						TestTargetID = 8224EC892B8CDD5900D1592E;
					};
				};
			};
			buildConfigurationList = 8224EC852B8CDD5900D1592E /* Build configuration list for PBXProject "RestaurantsApp" */;
			compatibilityVersion = "Xcode 14.0";
			developmentRegion = en;
			hasScannedForEncodings = 0;
			knownRegions = (
				en,
				Base,
			);
			mainGroup = 8224EC812B8CDD5900D1592E;
			packageReferences = (
				1714680B2BA8FBD200255D85 /* XCRemoteSwiftPackageReference "firebase-ios-sdk" */,
				7E38EE632BDAAD6500CE6941 /* XCRemoteSwiftPackageReference "Kingfisher" */,
			);
			productRefGroup = 8224EC8B2B8CDD5900D1592E /* Products */;
			projectDirPath = "";
			projectRoot = "";
			targets = (
				8224EC892B8CDD5900D1592E /* RestaurantsApp */,
				8224EC9C2B8CDD5C00D1592E /* RestaurantsAppTests */,
				8224ECA62B8CDD5C00D1592E /* RestaurantsAppUITests */,
			);
		};
/* End PBXProject section */

/* Begin PBXResourcesBuildPhase section */
		8224EC882B8CDD5900D1592E /* Resources */ = {
			isa = PBXResourcesBuildPhase;
			buildActionMask = 2147483647;
			files = (
				17C473282B92632700FFFF5C /* Launch Screen.storyboard in Resources */,
				1714680F2BA901BF00255D85 /* GoogleService-Info.plist in Resources */,
				8224EC982B8CDD5C00D1592E /* Preview Assets.xcassets in Resources */,
				8224EC942B8CDD5C00D1592E /* Assets.xcassets in Resources */,
			);
			runOnlyForDeploymentPostprocessing = 0;
		};
		8224EC9B2B8CDD5C00D1592E /* Resources */ = {
			isa = PBXResourcesBuildPhase;
			buildActionMask = 2147483647;
			files = (
			);
			runOnlyForDeploymentPostprocessing = 0;
		};
		8224ECA52B8CDD5C00D1592E /* Resources */ = {
			isa = PBXResourcesBuildPhase;
			buildActionMask = 2147483647;
			files = (
			);
			runOnlyForDeploymentPostprocessing = 0;
		};
/* End PBXResourcesBuildPhase section */

/* Begin PBXSourcesBuildPhase section */
		8224EC862B8CDD5900D1592E /* Sources */ = {
			isa = PBXSourcesBuildPhase;
			buildActionMask = 2147483647;
			files = (
				1706315D2BA4C50A00C7FDB1 /* restaurantsView.swift in Sources */,
				170631562BA4C1FA00C7FDB1 /* BottomNavigationBar.swift in Sources */,
				829DAAAA2BAE17E200B60BB6 /* PromotionViewModel.swift in Sources */,
				172310BD2BA8BE1D001F3937 /* SideProfileHeaderView.swift in Sources */,
				1756E9EE2BCF4C5D00FDD2EA /* restaurantModel.swift in Sources */,
				82EDFF2F2BCF3D2B00729696 /* BasketViewModel.swift in Sources */,
				93CB5E882BAB7EC6008739CF /* OrderViewModel.swift in Sources */,
				82CA03882BD87C6B00652803 /* ProfileViewModel.swift in Sources */,
				8224EC902B8CDD5900D1592E /* ContentView.swift in Sources */,
				170631612BA4CB0700C7FDB1 /* TopBar.swift in Sources */,
				1756E9EB2BCF436D00FDD2EA /* MapView.swift in Sources */,
				8224EC922B8CDD5900D1592E /* Item.swift in Sources */,
				7E484D062BA62C2E0005C093 /* RestaurantCardView.swift in Sources */,
				17956E6C2BD1F45000F464FA /* MapViewModel.swift in Sources */,
				172310BB2BA8BC1E001F3937 /* SideProfileView.swift in Sources */,
				93C854842BAB3EC400EF86F7 /* LoginViewModel.swift in Sources */,
				82EDFF2D2BCF273300729696 /* basketView.swift in Sources */,
				170631632BA4DB0C00C7FDB1 /* loginView.swift in Sources */,
				1706315F2BA4C52200C7FDB1 /* ordersView.swift in Sources */,
				170631592BA4C2DC00C7FDB1 /* promotionsView.swift in Sources */,
				1706315B2BA4C4EC00C7FDB1 /* homeView.swift in Sources */,
				8224EC8E2B8CDD5900D1592E /* RestaurantsAppApp.swift in Sources */,
				82D9DA592B96AD710068A8F5 /* Search_page.swift in Sources */,
				7EF990892BADF96000C0D73A /* AnalyticsView.swift in Sources */,
				82CA03862BD8796800652803 /* EventualConnectivity.swift in Sources */,
				93C854862BAB577000EF86F7 /* FireStoreManager.swift in Sources */,
				93CB5E862BAB74DB008739CF /* RestaurantViewModel.swift in Sources */,
			);
			runOnlyForDeploymentPostprocessing = 0;
		};
		8224EC992B8CDD5C00D1592E /* Sources */ = {
			isa = PBXSourcesBuildPhase;
			buildActionMask = 2147483647;
			files = (
				7EA3AF692BACD04000D0C9E2 /* RestaurantsAppTests.swift in Sources */,
			);
			runOnlyForDeploymentPostprocessing = 0;
		};
		8224ECA32B8CDD5C00D1592E /* Sources */ = {
			isa = PBXSourcesBuildPhase;
			buildActionMask = 2147483647;
			files = (
				7EA3AF6B2BACD08B00D0C9E2 /* RestaurantsAppUITests.swift in Sources */,
				7EA3AF6D2BACD09600D0C9E2 /* RestaurantsAppUITestsLaunchTests.swift in Sources */,
			);
			runOnlyForDeploymentPostprocessing = 0;
		};
/* End PBXSourcesBuildPhase section */

/* Begin PBXTargetDependency section */
		8224EC9F2B8CDD5C00D1592E /* PBXTargetDependency */ = {
			isa = PBXTargetDependency;
			target = 8224EC892B8CDD5900D1592E /* RestaurantsApp */;
			targetProxy = 8224EC9E2B8CDD5C00D1592E /* PBXContainerItemProxy */;
		};
		8224ECA92B8CDD5C00D1592E /* PBXTargetDependency */ = {
			isa = PBXTargetDependency;
			target = 8224EC892B8CDD5900D1592E /* RestaurantsApp */;
			targetProxy = 8224ECA82B8CDD5C00D1592E /* PBXContainerItemProxy */;
		};
/* End PBXTargetDependency section */

/* Begin XCBuildConfiguration section */
		8224ECAF2B8CDD5C00D1592E /* Debug */ = {
			isa = XCBuildConfiguration;
			buildSettings = {
				ALWAYS_SEARCH_USER_PATHS = NO;
				ASSETCATALOG_COMPILER_GENERATE_SWIFT_ASSET_SYMBOL_EXTENSIONS = YES;
				CLANG_ANALYZER_NONNULL = YES;
				CLANG_ANALYZER_NUMBER_OBJECT_CONVERSION = YES_AGGRESSIVE;
				CLANG_CXX_LANGUAGE_STANDARD = "gnu++20";
				CLANG_ENABLE_MODULES = YES;
				CLANG_ENABLE_OBJC_ARC = YES;
				CLANG_ENABLE_OBJC_WEAK = YES;
				CLANG_WARN_BLOCK_CAPTURE_AUTORELEASING = YES;
				CLANG_WARN_BOOL_CONVERSION = YES;
				CLANG_WARN_COMMA = YES;
				CLANG_WARN_CONSTANT_CONVERSION = YES;
				CLANG_WARN_DEPRECATED_OBJC_IMPLEMENTATIONS = YES;
				CLANG_WARN_DIRECT_OBJC_ISA_USAGE = YES_ERROR;
				CLANG_WARN_DOCUMENTATION_COMMENTS = YES;
				CLANG_WARN_EMPTY_BODY = YES;
				CLANG_WARN_ENUM_CONVERSION = YES;
				CLANG_WARN_INFINITE_RECURSION = YES;
				CLANG_WARN_INT_CONVERSION = YES;
				CLANG_WARN_NON_LITERAL_NULL_CONVERSION = YES;
				CLANG_WARN_OBJC_IMPLICIT_RETAIN_SELF = YES;
				CLANG_WARN_OBJC_LITERAL_CONVERSION = YES;
				CLANG_WARN_OBJC_ROOT_CLASS = YES_ERROR;
				CLANG_WARN_QUOTED_INCLUDE_IN_FRAMEWORK_HEADER = YES;
				CLANG_WARN_RANGE_LOOP_ANALYSIS = YES;
				CLANG_WARN_STRICT_PROTOTYPES = YES;
				CLANG_WARN_SUSPICIOUS_MOVE = YES;
				CLANG_WARN_UNGUARDED_AVAILABILITY = YES_AGGRESSIVE;
				CLANG_WARN_UNREACHABLE_CODE = YES;
				CLANG_WARN__DUPLICATE_METHOD_MATCH = YES;
				COPY_PHASE_STRIP = NO;
				DEAD_CODE_STRIPPING = YES;
				DEBUG_INFORMATION_FORMAT = dwarf;
				ENABLE_STRICT_OBJC_MSGSEND = YES;
				ENABLE_TESTABILITY = YES;
				ENABLE_USER_SCRIPT_SANDBOXING = YES;
				GCC_C_LANGUAGE_STANDARD = gnu17;
				GCC_DYNAMIC_NO_PIC = NO;
				GCC_NO_COMMON_BLOCKS = YES;
				GCC_OPTIMIZATION_LEVEL = 0;
				GCC_PREPROCESSOR_DEFINITIONS = (
					"DEBUG=1",
					"$(inherited)",
				);
				GCC_WARN_64_TO_32_BIT_CONVERSION = YES;
				GCC_WARN_ABOUT_RETURN_TYPE = YES_ERROR;
				GCC_WARN_UNDECLARED_SELECTOR = YES;
				GCC_WARN_UNINITIALIZED_AUTOS = YES_AGGRESSIVE;
				GCC_WARN_UNUSED_FUNCTION = YES;
				GCC_WARN_UNUSED_VARIABLE = YES;
				LOCALIZATION_PREFERS_STRING_CATALOGS = YES;
				MTL_ENABLE_DEBUG_INFO = INCLUDE_SOURCE;
				MTL_FAST_MATH = YES;
				ONLY_ACTIVE_ARCH = YES;
				SWIFT_ACTIVE_COMPILATION_CONDITIONS = "DEBUG $(inherited)";
				SWIFT_OPTIMIZATION_LEVEL = "-Onone";
			};
			name = Debug;
		};
		8224ECB02B8CDD5C00D1592E /* Release */ = {
			isa = XCBuildConfiguration;
			buildSettings = {
				ALWAYS_SEARCH_USER_PATHS = NO;
				ASSETCATALOG_COMPILER_GENERATE_SWIFT_ASSET_SYMBOL_EXTENSIONS = YES;
				CLANG_ANALYZER_NONNULL = YES;
				CLANG_ANALYZER_NUMBER_OBJECT_CONVERSION = YES_AGGRESSIVE;
				CLANG_CXX_LANGUAGE_STANDARD = "gnu++20";
				CLANG_ENABLE_MODULES = YES;
				CLANG_ENABLE_OBJC_ARC = YES;
				CLANG_ENABLE_OBJC_WEAK = YES;
				CLANG_WARN_BLOCK_CAPTURE_AUTORELEASING = YES;
				CLANG_WARN_BOOL_CONVERSION = YES;
				CLANG_WARN_COMMA = YES;
				CLANG_WARN_CONSTANT_CONVERSION = YES;
				CLANG_WARN_DEPRECATED_OBJC_IMPLEMENTATIONS = YES;
				CLANG_WARN_DIRECT_OBJC_ISA_USAGE = YES_ERROR;
				CLANG_WARN_DOCUMENTATION_COMMENTS = YES;
				CLANG_WARN_EMPTY_BODY = YES;
				CLANG_WARN_ENUM_CONVERSION = YES;
				CLANG_WARN_INFINITE_RECURSION = YES;
				CLANG_WARN_INT_CONVERSION = YES;
				CLANG_WARN_NON_LITERAL_NULL_CONVERSION = YES;
				CLANG_WARN_OBJC_IMPLICIT_RETAIN_SELF = YES;
				CLANG_WARN_OBJC_LITERAL_CONVERSION = YES;
				CLANG_WARN_OBJC_ROOT_CLASS = YES_ERROR;
				CLANG_WARN_QUOTED_INCLUDE_IN_FRAMEWORK_HEADER = YES;
				CLANG_WARN_RANGE_LOOP_ANALYSIS = YES;
				CLANG_WARN_STRICT_PROTOTYPES = YES;
				CLANG_WARN_SUSPICIOUS_MOVE = YES;
				CLANG_WARN_UNGUARDED_AVAILABILITY = YES_AGGRESSIVE;
				CLANG_WARN_UNREACHABLE_CODE = YES;
				CLANG_WARN__DUPLICATE_METHOD_MATCH = YES;
				COPY_PHASE_STRIP = NO;
				DEAD_CODE_STRIPPING = YES;
				DEBUG_INFORMATION_FORMAT = "dwarf-with-dsym";
				ENABLE_NS_ASSERTIONS = NO;
				ENABLE_STRICT_OBJC_MSGSEND = YES;
				ENABLE_USER_SCRIPT_SANDBOXING = YES;
				GCC_C_LANGUAGE_STANDARD = gnu17;
				GCC_NO_COMMON_BLOCKS = YES;
				GCC_WARN_64_TO_32_BIT_CONVERSION = YES;
				GCC_WARN_ABOUT_RETURN_TYPE = YES_ERROR;
				GCC_WARN_UNDECLARED_SELECTOR = YES;
				GCC_WARN_UNINITIALIZED_AUTOS = YES_AGGRESSIVE;
				GCC_WARN_UNUSED_FUNCTION = YES;
				GCC_WARN_UNUSED_VARIABLE = YES;
				LOCALIZATION_PREFERS_STRING_CATALOGS = YES;
				MTL_ENABLE_DEBUG_INFO = NO;
				MTL_FAST_MATH = YES;
				SWIFT_COMPILATION_MODE = wholemodule;
			};
			name = Release;
		};
		8224ECB22B8CDD5C00D1592E /* Debug */ = {
			isa = XCBuildConfiguration;
			buildSettings = {
				ASSETCATALOG_COMPILER_APPICON_NAME = AppIcon;
				ASSETCATALOG_COMPILER_GLOBAL_ACCENT_COLOR_NAME = AccentColor;
				ASSETCATALOG_COMPILER_INCLUDE_ALL_APPICON_ASSETS = YES;
				CODE_SIGN_ENTITLEMENTS = RestaurantsApp/RestaurantsApp.entitlements;
				CODE_SIGN_STYLE = Automatic;
				CURRENT_PROJECT_VERSION = 1;
				DEAD_CODE_STRIPPING = YES;
				DEVELOPMENT_ASSET_PATHS = "\"RestaurantsApp/Preview Content\"";
				DEVELOPMENT_TEAM = 9XGG4PG33A;
				ENABLE_PREVIEWS = YES;
				GENERATE_INFOPLIST_FILE = YES;
				INFOPLIST_FILE = RestaurantsApp/Info.plist;
				INFOPLIST_KEY_NSFaceIDUsageDescription = "This app wants to use your Face ID. Please Hit OK to activate Face ID";
				INFOPLIST_KEY_NSLocationWhenInUseUsageDescription = "This app wants to use your location";
				"INFOPLIST_KEY_UIApplicationSceneManifest_Generation[sdk=iphoneos*]" = YES;
				"INFOPLIST_KEY_UIApplicationSceneManifest_Generation[sdk=iphonesimulator*]" = YES;
				"INFOPLIST_KEY_UIApplicationSupportsIndirectInputEvents[sdk=iphoneos*]" = YES;
				"INFOPLIST_KEY_UIApplicationSupportsIndirectInputEvents[sdk=iphonesimulator*]" = YES;
				"INFOPLIST_KEY_UILaunchScreen_Generation[sdk=iphoneos*]" = YES;
				"INFOPLIST_KEY_UILaunchScreen_Generation[sdk=iphonesimulator*]" = YES;
				INFOPLIST_KEY_UILaunchStoryboardName = "Launch Screen";
				"INFOPLIST_KEY_UIStatusBarStyle[sdk=iphoneos*]" = UIStatusBarStyleDefault;
				"INFOPLIST_KEY_UIStatusBarStyle[sdk=iphonesimulator*]" = UIStatusBarStyleDefault;
				INFOPLIST_KEY_UISupportedInterfaceOrientations_iPad = "UIInterfaceOrientationPortrait UIInterfaceOrientationPortraitUpsideDown UIInterfaceOrientationLandscapeLeft UIInterfaceOrientationLandscapeRight";
				INFOPLIST_KEY_UISupportedInterfaceOrientations_iPhone = "UIInterfaceOrientationPortrait UIInterfaceOrientationLandscapeLeft UIInterfaceOrientationLandscapeRight";
				IPHONEOS_DEPLOYMENT_TARGET = 17.2;
				LD_RUNPATH_SEARCH_PATHS = "@executable_path/Frameworks";
				"LD_RUNPATH_SEARCH_PATHS[sdk=macosx*]" = "@executable_path/../Frameworks";
				MACOSX_DEPLOYMENT_TARGET = 14.0;
				MARKETING_VERSION = 1.0;
				NEW_SETTING = "";
				PRODUCT_BUNDLE_IDENTIFIER = com.moviles.RestaurantsAppJuanes;
				PRODUCT_NAME = "$(TARGET_NAME)";
				SDKROOT = auto;
				SUPPORTED_PLATFORMS = "iphoneos iphonesimulator";
				SUPPORTS_MACCATALYST = NO;
				SWIFT_EMIT_LOC_STRINGS = YES;
				SWIFT_VERSION = 5.0;
				TARGETED_DEVICE_FAMILY = "1,2";
			};
			name = Debug;
		};
		8224ECB32B8CDD5C00D1592E /* Release */ = {
			isa = XCBuildConfiguration;
			buildSettings = {
				ASSETCATALOG_COMPILER_APPICON_NAME = AppIcon;
				ASSETCATALOG_COMPILER_GLOBAL_ACCENT_COLOR_NAME = AccentColor;
				ASSETCATALOG_COMPILER_INCLUDE_ALL_APPICON_ASSETS = YES;
				CODE_SIGN_ENTITLEMENTS = RestaurantsApp/RestaurantsApp.entitlements;
				CODE_SIGN_STYLE = Automatic;
				CURRENT_PROJECT_VERSION = 1;
				DEAD_CODE_STRIPPING = YES;
				DEVELOPMENT_ASSET_PATHS = "\"RestaurantsApp/Preview Content\"";
				DEVELOPMENT_TEAM = 9XGG4PG33A;
				ENABLE_PREVIEWS = YES;
				GENERATE_INFOPLIST_FILE = YES;
				INFOPLIST_FILE = RestaurantsApp/Info.plist;
				INFOPLIST_KEY_NSFaceIDUsageDescription = "This app wants to use your Face ID. Please Hit OK to activate Face ID";
				INFOPLIST_KEY_NSLocationWhenInUseUsageDescription = "This app wants to use your location";
				"INFOPLIST_KEY_UIApplicationSceneManifest_Generation[sdk=iphoneos*]" = YES;
				"INFOPLIST_KEY_UIApplicationSceneManifest_Generation[sdk=iphonesimulator*]" = YES;
				"INFOPLIST_KEY_UIApplicationSupportsIndirectInputEvents[sdk=iphoneos*]" = YES;
				"INFOPLIST_KEY_UIApplicationSupportsIndirectInputEvents[sdk=iphonesimulator*]" = YES;
				"INFOPLIST_KEY_UILaunchScreen_Generation[sdk=iphoneos*]" = YES;
				"INFOPLIST_KEY_UILaunchScreen_Generation[sdk=iphonesimulator*]" = YES;
				INFOPLIST_KEY_UILaunchStoryboardName = "Launch Screen";
				"INFOPLIST_KEY_UIStatusBarStyle[sdk=iphoneos*]" = UIStatusBarStyleDefault;
				"INFOPLIST_KEY_UIStatusBarStyle[sdk=iphonesimulator*]" = UIStatusBarStyleDefault;
				INFOPLIST_KEY_UISupportedInterfaceOrientations_iPad = "UIInterfaceOrientationPortrait UIInterfaceOrientationPortraitUpsideDown UIInterfaceOrientationLandscapeLeft UIInterfaceOrientationLandscapeRight";
				INFOPLIST_KEY_UISupportedInterfaceOrientations_iPhone = "UIInterfaceOrientationPortrait UIInterfaceOrientationLandscapeLeft UIInterfaceOrientationLandscapeRight";
				IPHONEOS_DEPLOYMENT_TARGET = 17.2;
				LD_RUNPATH_SEARCH_PATHS = "@executable_path/Frameworks";
				"LD_RUNPATH_SEARCH_PATHS[sdk=macosx*]" = "@executable_path/../Frameworks";
				MACOSX_DEPLOYMENT_TARGET = 14.0;
				MARKETING_VERSION = 1.0;
				NEW_SETTING = "";
				PRODUCT_BUNDLE_IDENTIFIER = com.moviles.RestaurantsAppJuanes;
				PRODUCT_NAME = "$(TARGET_NAME)";
				SDKROOT = auto;
				SUPPORTED_PLATFORMS = "iphoneos iphonesimulator";
				SUPPORTS_MACCATALYST = NO;
				SWIFT_EMIT_LOC_STRINGS = YES;
				SWIFT_VERSION = 5.0;
				TARGETED_DEVICE_FAMILY = "1,2";
			};
			name = Release;
		};
		8224ECB52B8CDD5C00D1592E /* Debug */ = {
			isa = XCBuildConfiguration;
			buildSettings = {
				ALWAYS_EMBED_SWIFT_STANDARD_LIBRARIES = YES;
				BUNDLE_LOADER = "$(TEST_HOST)";
				CODE_SIGN_STYLE = Automatic;
				CURRENT_PROJECT_VERSION = 1;
				DEAD_CODE_STRIPPING = YES;
				GENERATE_INFOPLIST_FILE = YES;
				IPHONEOS_DEPLOYMENT_TARGET = 17.2;
				MACOSX_DEPLOYMENT_TARGET = 14.2;
				MARKETING_VERSION = 1.0;
				PRODUCT_BUNDLE_IDENTIFIER = com.moviles.RestaurantsAppTests;
				PRODUCT_NAME = "$(TARGET_NAME)";
				SDKROOT = auto;
				SUPPORTED_PLATFORMS = "iphoneos iphonesimulator macosx";
				SWIFT_EMIT_LOC_STRINGS = NO;
				SWIFT_VERSION = 5.0;
				TARGETED_DEVICE_FAMILY = "1,2";
				TEST_HOST = "$(BUILT_PRODUCTS_DIR)/RestaurantsApp.app/$(BUNDLE_EXECUTABLE_FOLDER_PATH)/RestaurantsApp";
			};
			name = Debug;
		};
		8224ECB62B8CDD5C00D1592E /* Release */ = {
			isa = XCBuildConfiguration;
			buildSettings = {
				ALWAYS_EMBED_SWIFT_STANDARD_LIBRARIES = YES;
				BUNDLE_LOADER = "$(TEST_HOST)";
				CODE_SIGN_STYLE = Automatic;
				CURRENT_PROJECT_VERSION = 1;
				DEAD_CODE_STRIPPING = YES;
				GENERATE_INFOPLIST_FILE = YES;
				IPHONEOS_DEPLOYMENT_TARGET = 17.2;
				MACOSX_DEPLOYMENT_TARGET = 14.2;
				MARKETING_VERSION = 1.0;
				PRODUCT_BUNDLE_IDENTIFIER = com.moviles.RestaurantsAppTests;
				PRODUCT_NAME = "$(TARGET_NAME)";
				SDKROOT = auto;
				SUPPORTED_PLATFORMS = "iphoneos iphonesimulator macosx";
				SWIFT_EMIT_LOC_STRINGS = NO;
				SWIFT_VERSION = 5.0;
				TARGETED_DEVICE_FAMILY = "1,2";
				TEST_HOST = "$(BUILT_PRODUCTS_DIR)/RestaurantsApp.app/$(BUNDLE_EXECUTABLE_FOLDER_PATH)/RestaurantsApp";
			};
			name = Release;
		};
		8224ECB82B8CDD5C00D1592E /* Debug */ = {
			isa = XCBuildConfiguration;
			buildSettings = {
				ALWAYS_EMBED_SWIFT_STANDARD_LIBRARIES = YES;
				CODE_SIGN_STYLE = Automatic;
				CURRENT_PROJECT_VERSION = 1;
				DEAD_CODE_STRIPPING = YES;
				GENERATE_INFOPLIST_FILE = YES;
				IPHONEOS_DEPLOYMENT_TARGET = 17.2;
				MACOSX_DEPLOYMENT_TARGET = 14.2;
				MARKETING_VERSION = 1.0;
				PRODUCT_BUNDLE_IDENTIFIER = com.moviles.RestaurantsAppUITests;
				PRODUCT_NAME = "$(TARGET_NAME)";
				SDKROOT = auto;
				SUPPORTED_PLATFORMS = "iphoneos iphonesimulator macosx";
				SWIFT_EMIT_LOC_STRINGS = NO;
				SWIFT_VERSION = 5.0;
				TARGETED_DEVICE_FAMILY = "1,2";
				TEST_TARGET_NAME = RestaurantsApp;
			};
			name = Debug;
		};
		8224ECB92B8CDD5C00D1592E /* Release */ = {
			isa = XCBuildConfiguration;
			buildSettings = {
				ALWAYS_EMBED_SWIFT_STANDARD_LIBRARIES = YES;
				CODE_SIGN_STYLE = Automatic;
				CURRENT_PROJECT_VERSION = 1;
				DEAD_CODE_STRIPPING = YES;
				GENERATE_INFOPLIST_FILE = YES;
				IPHONEOS_DEPLOYMENT_TARGET = 17.2;
				MACOSX_DEPLOYMENT_TARGET = 14.2;
				MARKETING_VERSION = 1.0;
				PRODUCT_BUNDLE_IDENTIFIER = com.moviles.RestaurantsAppUITests;
				PRODUCT_NAME = "$(TARGET_NAME)";
				SDKROOT = auto;
				SUPPORTED_PLATFORMS = "iphoneos iphonesimulator macosx";
				SWIFT_EMIT_LOC_STRINGS = NO;
				SWIFT_VERSION = 5.0;
				TARGETED_DEVICE_FAMILY = "1,2";
				TEST_TARGET_NAME = RestaurantsApp;
			};
			name = Release;
		};
/* End XCBuildConfiguration section */

/* Begin XCConfigurationList section */
		8224EC852B8CDD5900D1592E /* Build configuration list for PBXProject "RestaurantsApp" */ = {
			isa = XCConfigurationList;
			buildConfigurations = (
				8224ECAF2B8CDD5C00D1592E /* Debug */,
				8224ECB02B8CDD5C00D1592E /* Release */,
			);
			defaultConfigurationIsVisible = 0;
			defaultConfigurationName = Release;
		};
		8224ECB12B8CDD5C00D1592E /* Build configuration list for PBXNativeTarget "RestaurantsApp" */ = {
			isa = XCConfigurationList;
			buildConfigurations = (
				8224ECB22B8CDD5C00D1592E /* Debug */,
				8224ECB32B8CDD5C00D1592E /* Release */,
			);
			defaultConfigurationIsVisible = 0;
			defaultConfigurationName = Release;
		};
		8224ECB42B8CDD5C00D1592E /* Build configuration list for PBXNativeTarget "RestaurantsAppTests" */ = {
			isa = XCConfigurationList;
			buildConfigurations = (
				8224ECB52B8CDD5C00D1592E /* Debug */,
				8224ECB62B8CDD5C00D1592E /* Release */,
			);
			defaultConfigurationIsVisible = 0;
			defaultConfigurationName = Release;
		};
		8224ECB72B8CDD5C00D1592E /* Build configuration list for PBXNativeTarget "RestaurantsAppUITests" */ = {
			isa = XCConfigurationList;
			buildConfigurations = (
				8224ECB82B8CDD5C00D1592E /* Debug */,
				8224ECB92B8CDD5C00D1592E /* Release */,
			);
			defaultConfigurationIsVisible = 0;
			defaultConfigurationName = Release;
		};
/* End XCConfigurationList section */

/* Begin XCRemoteSwiftPackageReference section */
		1714680B2BA8FBD200255D85 /* XCRemoteSwiftPackageReference "firebase-ios-sdk" */ = {
			isa = XCRemoteSwiftPackageReference;
			repositoryURL = "https://github.com/firebase/firebase-ios-sdk.git";
			requirement = {
				kind = upToNextMajorVersion;
				minimumVersion = 10.22.1;
			};
		};
		7E38EE632BDAAD6500CE6941 /* XCRemoteSwiftPackageReference "Kingfisher" */ = {
			isa = XCRemoteSwiftPackageReference;
			repositoryURL = "https://github.com/onevcat/Kingfisher.git";
			requirement = {
				kind = upToNextMajorVersion;
				minimumVersion = 7.11.0;
			};
		};
/* End XCRemoteSwiftPackageReference section */

/* Begin XCSwiftPackageProductDependency section */
		1714680C2BA8FBD200255D85 /* FirebaseAuth */ = {
			isa = XCSwiftPackageProductDependency;
			package = 1714680B2BA8FBD200255D85 /* XCRemoteSwiftPackageReference "firebase-ios-sdk" */;
			productName = FirebaseAuth;
		};
		7E01E74A2BAC69C8000AE761 /* FirebaseFirestore */ = {
			isa = XCSwiftPackageProductDependency;
			productName = FirebaseFirestore;
		};
		7E38EE642BDAAD6500CE6941 /* Kingfisher */ = {
			isa = XCSwiftPackageProductDependency;
			package = 7E38EE632BDAAD6500CE6941 /* XCRemoteSwiftPackageReference "Kingfisher" */;
			productName = Kingfisher;
		};
		7EF990822BADF8FD00C0D73A /* FirebaseAnalytics */ = {
			isa = XCSwiftPackageProductDependency;
			package = 1714680B2BA8FBD200255D85 /* XCRemoteSwiftPackageReference "firebase-ios-sdk" */;
			productName = FirebaseAnalytics;
		};
		7EF990842BADF8FD00C0D73A /* FirebaseAnalyticsSwift */ = {
			isa = XCSwiftPackageProductDependency;
			package = 1714680B2BA8FBD200255D85 /* XCRemoteSwiftPackageReference "firebase-ios-sdk" */;
			productName = FirebaseAnalyticsSwift;
		};
		93C854872BAB57D100EF86F7 /* FirebaseFirestore */ = {
			isa = XCSwiftPackageProductDependency;
			productName = FirebaseFirestore;
		};
/* End XCSwiftPackageProductDependency section */
	};
	rootObject = 8224EC822B8CDD5900D1592E /* Project object */;
}
